// !$*UTF8*$!
{
	archiveVersion = 1;
	classes = {
	};
	objectVersion = 50;
	objects = {

/* Begin PBXBuildFile section */
		A1F8FA86222EF68D00B9D1E8 /* AppDelegate.swift in Sources */ = {isa = PBXBuildFile; fileRef = A1F8FA85222EF68D00B9D1E8 /* AppDelegate.swift */; };
		A1F8FA88222EF68D00B9D1E8 /* ViewController.swift in Sources */ = {isa = PBXBuildFile; fileRef = A1F8FA87222EF68D00B9D1E8 /* ViewController.swift */; };
		A1F8FA8B222EF68D00B9D1E8 /* Main.storyboard in Resources */ = {isa = PBXBuildFile; fileRef = A1F8FA89222EF68D00B9D1E8 /* Main.storyboard */; };
		A1F8FA8D222EF69300B9D1E8 /* Assets.xcassets in Resources */ = {isa = PBXBuildFile; fileRef = A1F8FA8C222EF69300B9D1E8 /* Assets.xcassets */; };
		A1F8FA90222EF69300B9D1E8 /* LaunchScreen.storyboard in Resources */ = {isa = PBXBuildFile; fileRef = A1F8FA8E222EF69300B9D1E8 /* LaunchScreen.storyboard */; };
		A1F8FA9B222EF69300B9D1E8 /* OktaSecureStorageTests.swift in Sources */ = {isa = PBXBuildFile; fileRef = A1F8FA9A222EF69300B9D1E8 /* OktaSecureStorageTests.swift */; };
		A1F8FAA7222EF6F700B9D1E8 /* OktaSecureStorage.swift in Sources */ = {isa = PBXBuildFile; fileRef = A1F8FAA6222EF6F700B9D1E8 /* OktaSecureStorage.swift */; };
		A1F8FAA8222EF6F700B9D1E8 /* OktaSecureStorage.swift in Sources */ = {isa = PBXBuildFile; fileRef = A1F8FAA6222EF6F700B9D1E8 /* OktaSecureStorage.swift */; };
/* End PBXBuildFile section */

/* Begin PBXContainerItemProxy section */
		A1F8FA97222EF69300B9D1E8 /* PBXContainerItemProxy */ = {
			isa = PBXContainerItemProxy;
			containerPortal = A1F8FA7A222EF68D00B9D1E8 /* Project object */;
			proxyType = 1;
			remoteGlobalIDString = A1F8FA81222EF68D00B9D1E8;
			remoteInfo = OktaSecureStorage;
		};
/* End PBXContainerItemProxy section */

/* Begin PBXFileReference section */
		A11685ED222F2E7A0003AA6B /* OktaSecureStorage.entitlements */ = {isa = PBXFileReference; lastKnownFileType = text.plist.entitlements; path = OktaSecureStorage.entitlements; sourceTree = "<group>"; };
		A1F8FA82222EF68D00B9D1E8 /* OktaSecureStorage.app */ = {isa = PBXFileReference; explicitFileType = wrapper.application; includeInIndex = 0; path = OktaSecureStorage.app; sourceTree = BUILT_PRODUCTS_DIR; };
		A1F8FA85222EF68D00B9D1E8 /* AppDelegate.swift */ = {isa = PBXFileReference; lastKnownFileType = sourcecode.swift; path = AppDelegate.swift; sourceTree = "<group>"; };
		A1F8FA87222EF68D00B9D1E8 /* ViewController.swift */ = {isa = PBXFileReference; lastKnownFileType = sourcecode.swift; path = ViewController.swift; sourceTree = "<group>"; };
		A1F8FA8A222EF68D00B9D1E8 /* Base */ = {isa = PBXFileReference; lastKnownFileType = file.storyboard; name = Base; path = Base.lproj/Main.storyboard; sourceTree = "<group>"; };
		A1F8FA8C222EF69300B9D1E8 /* Assets.xcassets */ = {isa = PBXFileReference; lastKnownFileType = folder.assetcatalog; path = Assets.xcassets; sourceTree = "<group>"; };
		A1F8FA8F222EF69300B9D1E8 /* Base */ = {isa = PBXFileReference; lastKnownFileType = file.storyboard; name = Base; path = Base.lproj/LaunchScreen.storyboard; sourceTree = "<group>"; };
		A1F8FA91222EF69300B9D1E8 /* Info.plist */ = {isa = PBXFileReference; lastKnownFileType = text.plist.xml; path = Info.plist; sourceTree = "<group>"; };
		A1F8FA96222EF69300B9D1E8 /* OktaSecureStorageTests.xctest */ = {isa = PBXFileReference; explicitFileType = wrapper.cfbundle; includeInIndex = 0; path = OktaSecureStorageTests.xctest; sourceTree = BUILT_PRODUCTS_DIR; };
		A1F8FA9A222EF69300B9D1E8 /* OktaSecureStorageTests.swift */ = {isa = PBXFileReference; lastKnownFileType = sourcecode.swift; path = OktaSecureStorageTests.swift; sourceTree = "<group>"; };
		A1F8FA9C222EF69300B9D1E8 /* Info.plist */ = {isa = PBXFileReference; lastKnownFileType = text.plist.xml; path = Info.plist; sourceTree = "<group>"; };
		A1F8FAA6222EF6F700B9D1E8 /* OktaSecureStorage.swift */ = {isa = PBXFileReference; fileEncoding = 4; lastKnownFileType = sourcecode.swift; name = OktaSecureStorage.swift; path = ../../Sources/OktaSecureStorage.swift; sourceTree = "<group>"; };
/* End PBXFileReference section */

/* Begin PBXFrameworksBuildPhase section */
		A1F8FA7F222EF68D00B9D1E8 /* Frameworks */ = {
			isa = PBXFrameworksBuildPhase;
			buildActionMask = 2147483647;
			files = (
			);
			runOnlyForDeploymentPostprocessing = 0;
		};
		A1F8FA93222EF69300B9D1E8 /* Frameworks */ = {
			isa = PBXFrameworksBuildPhase;
			buildActionMask = 2147483647;
			files = (
			);
			runOnlyForDeploymentPostprocessing = 0;
		};
/* End PBXFrameworksBuildPhase section */

/* Begin PBXGroup section */
		A1F8FA79222EF68D00B9D1E8 = {
			isa = PBXGroup;
			children = (
				A1F8FA84222EF68D00B9D1E8 /* OktaSecureStorage */,
				A1F8FAA5222EF6B200B9D1E8 /* lib */,
				A1F8FA99222EF69300B9D1E8 /* OktaSecureStorageTests */,
				A1F8FA83222EF68D00B9D1E8 /* Products */,
			);
			sourceTree = "<group>";
		};
		A1F8FA83222EF68D00B9D1E8 /* Products */ = {
			isa = PBXGroup;
			children = (
				A1F8FA82222EF68D00B9D1E8 /* OktaSecureStorage.app */,
				A1F8FA96222EF69300B9D1E8 /* OktaSecureStorageTests.xctest */,
			);
			name = Products;
			sourceTree = "<group>";
		};
		A1F8FA84222EF68D00B9D1E8 /* OktaSecureStorage */ = {
			isa = PBXGroup;
			children = (
				A11685ED222F2E7A0003AA6B /* OktaSecureStorage.entitlements */,
				A1F8FA85222EF68D00B9D1E8 /* AppDelegate.swift */,
				A1F8FA87222EF68D00B9D1E8 /* ViewController.swift */,
				A1F8FA89222EF68D00B9D1E8 /* Main.storyboard */,
				A1F8FA8C222EF69300B9D1E8 /* Assets.xcassets */,
				A1F8FA8E222EF69300B9D1E8 /* LaunchScreen.storyboard */,
				A1F8FA91222EF69300B9D1E8 /* Info.plist */,
			);
			path = OktaSecureStorage;
			sourceTree = "<group>";
		};
		A1F8FA99222EF69300B9D1E8 /* OktaSecureStorageTests */ = {
			isa = PBXGroup;
			children = (
				A1F8FA9A222EF69300B9D1E8 /* OktaSecureStorageTests.swift */,
				A1F8FA9C222EF69300B9D1E8 /* Info.plist */,
			);
			path = OktaSecureStorageTests;
			sourceTree = "<group>";
		};
		A1F8FAA5222EF6B200B9D1E8 /* lib */ = {
			isa = PBXGroup;
			children = (
				A1F8FAA6222EF6F700B9D1E8 /* OktaSecureStorage.swift */,
			);
			path = lib;
			sourceTree = "<group>";
		};
/* End PBXGroup section */

/* Begin PBXNativeTarget section */
		A1F8FA81222EF68D00B9D1E8 /* OktaSecureStorage */ = {
			isa = PBXNativeTarget;
			buildConfigurationList = A1F8FA9F222EF69300B9D1E8 /* Build configuration list for PBXNativeTarget "OktaSecureStorage" */;
			buildPhases = (
				A1F8FA7E222EF68D00B9D1E8 /* Sources */,
				A1F8FA7F222EF68D00B9D1E8 /* Frameworks */,
				A1F8FA80222EF68D00B9D1E8 /* Resources */,
			);
			buildRules = (
			);
			dependencies = (
			);
			name = OktaSecureStorage;
			productName = OktaSecureStorage;
			productReference = A1F8FA82222EF68D00B9D1E8 /* OktaSecureStorage.app */;
			productType = "com.apple.product-type.application";
		};
		A1F8FA95222EF69300B9D1E8 /* OktaSecureStorageTests */ = {
			isa = PBXNativeTarget;
			buildConfigurationList = A1F8FAA2222EF69300B9D1E8 /* Build configuration list for PBXNativeTarget "OktaSecureStorageTests" */;
			buildPhases = (
				A1F8FA92222EF69300B9D1E8 /* Sources */,
				A1F8FA93222EF69300B9D1E8 /* Frameworks */,
				A1F8FA94222EF69300B9D1E8 /* Resources */,
			);
			buildRules = (
			);
			dependencies = (
				A1F8FA98222EF69300B9D1E8 /* PBXTargetDependency */,
			);
			name = OktaSecureStorageTests;
			productName = OktaSecureStorageTests;
			productReference = A1F8FA96222EF69300B9D1E8 /* OktaSecureStorageTests.xctest */;
			productType = "com.apple.product-type.bundle.unit-test";
		};
/* End PBXNativeTarget section */

/* Begin PBXProject section */
		A1F8FA7A222EF68D00B9D1E8 /* Project object */ = {
			isa = PBXProject;
			attributes = {
				LastSwiftUpdateCheck = 1010;
				LastUpgradeCheck = 1010;
				ORGANIZATIONNAME = Okta;
				TargetAttributes = {
					A1F8FA81222EF68D00B9D1E8 = {
						CreatedOnToolsVersion = 10.1;
						SystemCapabilities = {
							com.apple.ApplicationGroups.iOS = {
								enabled = 1;
							};
							com.apple.Keychain = {
								enabled = 1;
							};
						};
					};
					A1F8FA95222EF69300B9D1E8 = {
						CreatedOnToolsVersion = 10.1;
						TestTargetID = A1F8FA81222EF68D00B9D1E8;
					};
				};
			};
			buildConfigurationList = A1F8FA7D222EF68D00B9D1E8 /* Build configuration list for PBXProject "OktaSecureStorage" */;
			compatibilityVersion = "Xcode 9.3";
			developmentRegion = en;
			hasScannedForEncodings = 0;
			knownRegions = (
				en,
				Base,
			);
			mainGroup = A1F8FA79222EF68D00B9D1E8;
			productRefGroup = A1F8FA83222EF68D00B9D1E8 /* Products */;
			projectDirPath = "";
			projectRoot = "";
			targets = (
				A1F8FA81222EF68D00B9D1E8 /* OktaSecureStorage */,
				A1F8FA95222EF69300B9D1E8 /* OktaSecureStorageTests */,
			);
		};
/* End PBXProject section */

/* Begin PBXResourcesBuildPhase section */
		A1F8FA80222EF68D00B9D1E8 /* Resources */ = {
			isa = PBXResourcesBuildPhase;
			buildActionMask = 2147483647;
			files = (
				A1F8FA90222EF69300B9D1E8 /* LaunchScreen.storyboard in Resources */,
				A1F8FA8D222EF69300B9D1E8 /* Assets.xcassets in Resources */,
				A1F8FA8B222EF68D00B9D1E8 /* Main.storyboard in Resources */,
			);
			runOnlyForDeploymentPostprocessing = 0;
		};
		A1F8FA94222EF69300B9D1E8 /* Resources */ = {
			isa = PBXResourcesBuildPhase;
			buildActionMask = 2147483647;
			files = (
			);
			runOnlyForDeploymentPostprocessing = 0;
		};
/* End PBXResourcesBuildPhase section */

/* Begin PBXSourcesBuildPhase section */
		A1F8FA7E222EF68D00B9D1E8 /* Sources */ = {
			isa = PBXSourcesBuildPhase;
			buildActionMask = 2147483647;
			files = (
				A1F8FA88222EF68D00B9D1E8 /* ViewController.swift in Sources */,
				A1F8FA86222EF68D00B9D1E8 /* AppDelegate.swift in Sources */,
				A1F8FAA7222EF6F700B9D1E8 /* OktaSecureStorage.swift in Sources */,
			);
			runOnlyForDeploymentPostprocessing = 0;
		};
		A1F8FA92222EF69300B9D1E8 /* Sources */ = {
			isa = PBXSourcesBuildPhase;
			buildActionMask = 2147483647;
			files = (
				A1F8FA9B222EF69300B9D1E8 /* OktaSecureStorageTests.swift in Sources */,
				A1F8FAA8222EF6F700B9D1E8 /* OktaSecureStorage.swift in Sources */,
			);
			runOnlyForDeploymentPostprocessing = 0;
		};
/* End PBXSourcesBuildPhase section */

/* Begin PBXTargetDependency section */
		A1F8FA98222EF69300B9D1E8 /* PBXTargetDependency */ = {
			isa = PBXTargetDependency;
			target = A1F8FA81222EF68D00B9D1E8 /* OktaSecureStorage */;
			targetProxy = A1F8FA97222EF69300B9D1E8 /* PBXContainerItemProxy */;
		};
/* End PBXTargetDependency section */

/* Begin PBXVariantGroup section */
		A1F8FA89222EF68D00B9D1E8 /* Main.storyboard */ = {
			isa = PBXVariantGroup;
			children = (
				A1F8FA8A222EF68D00B9D1E8 /* Base */,
			);
			name = Main.storyboard;
			sourceTree = "<group>";
		};
		A1F8FA8E222EF69300B9D1E8 /* LaunchScreen.storyboard */ = {
			isa = PBXVariantGroup;
			children = (
				A1F8FA8F222EF69300B9D1E8 /* Base */,
			);
			name = LaunchScreen.storyboard;
			sourceTree = "<group>";
		};
/* End PBXVariantGroup section */

/* Begin XCBuildConfiguration section */
		A1F8FA9D222EF69300B9D1E8 /* Debug */ = {
			isa = XCBuildConfiguration;
			buildSettings = {
				ALWAYS_SEARCH_USER_PATHS = NO;
				CLANG_ANALYZER_NONNULL = YES;
				CLANG_ANALYZER_NUMBER_OBJECT_CONVERSION = YES_AGGRESSIVE;
				CLANG_CXX_LANGUAGE_STANDARD = "gnu++14";
				CLANG_CXX_LIBRARY = "libc++";
				CLANG_ENABLE_MODULES = YES;
				CLANG_ENABLE_OBJC_ARC = YES;
				CLANG_ENABLE_OBJC_WEAK = YES;
				CLANG_WARN_BLOCK_CAPTURE_AUTORELEASING = YES;
				CLANG_WARN_BOOL_CONVERSION = YES;
				CLANG_WARN_COMMA = YES;
				CLANG_WARN_CONSTANT_CONVERSION = YES;
				CLANG_WARN_DEPRECATED_OBJC_IMPLEMENTATIONS = YES;
				CLANG_WARN_DIRECT_OBJC_ISA_USAGE = YES_ERROR;
				CLANG_WARN_DOCUMENTATION_COMMENTS = YES;
				CLANG_WARN_EMPTY_BODY = YES;
				CLANG_WARN_ENUM_CONVERSION = YES;
				CLANG_WARN_INFINITE_RECURSION = YES;
				CLANG_WARN_INT_CONVERSION = YES;
				CLANG_WARN_NON_LITERAL_NULL_CONVERSION = YES;
				CLANG_WARN_OBJC_IMPLICIT_RETAIN_SELF = YES;
				CLANG_WARN_OBJC_LITERAL_CONVERSION = YES;
				CLANG_WARN_OBJC_ROOT_CLASS = YES_ERROR;
				CLANG_WARN_RANGE_LOOP_ANALYSIS = YES;
				CLANG_WARN_STRICT_PROTOTYPES = YES;
				CLANG_WARN_SUSPICIOUS_MOVE = YES;
				CLANG_WARN_UNGUARDED_AVAILABILITY = YES_AGGRESSIVE;
				CLANG_WARN_UNREACHABLE_CODE = YES;
				CLANG_WARN__DUPLICATE_METHOD_MATCH = YES;
				CODE_SIGN_IDENTITY = "iPhone Developer";
				COPY_PHASE_STRIP = NO;
				DEBUG_INFORMATION_FORMAT = dwarf;
				ENABLE_STRICT_OBJC_MSGSEND = YES;
				ENABLE_TESTABILITY = YES;
				GCC_C_LANGUAGE_STANDARD = gnu11;
				GCC_DYNAMIC_NO_PIC = NO;
				GCC_NO_COMMON_BLOCKS = YES;
				GCC_OPTIMIZATION_LEVEL = 0;
				GCC_PREPROCESSOR_DEFINITIONS = (
					"DEBUG=1",
					"$(inherited)",
				);
				GCC_WARN_64_TO_32_BIT_CONVERSION = YES;
				GCC_WARN_ABOUT_RETURN_TYPE = YES_ERROR;
				GCC_WARN_UNDECLARED_SELECTOR = YES;
				GCC_WARN_UNINITIALIZED_AUTOS = YES_AGGRESSIVE;
				GCC_WARN_UNUSED_FUNCTION = YES;
				GCC_WARN_UNUSED_VARIABLE = YES;
				IPHONEOS_DEPLOYMENT_TARGET = 12.1;
				MTL_ENABLE_DEBUG_INFO = INCLUDE_SOURCE;
				MTL_FAST_MATH = YES;
				ONLY_ACTIVE_ARCH = YES;
				SDKROOT = iphoneos;
				SWIFT_ACTIVE_COMPILATION_CONDITIONS = DEBUG;
				SWIFT_OPTIMIZATION_LEVEL = "-Onone";
			};
			name = Debug;
		};
		A1F8FA9E222EF69300B9D1E8 /* Release */ = {
			isa = XCBuildConfiguration;
			buildSettings = {
				ALWAYS_SEARCH_USER_PATHS = NO;
				CLANG_ANALYZER_NONNULL = YES;
				CLANG_ANALYZER_NUMBER_OBJECT_CONVERSION = YES_AGGRESSIVE;
				CLANG_CXX_LANGUAGE_STANDARD = "gnu++14";
				CLANG_CXX_LIBRARY = "libc++";
				CLANG_ENABLE_MODULES = YES;
				CLANG_ENABLE_OBJC_ARC = YES;
				CLANG_ENABLE_OBJC_WEAK = YES;
				CLANG_WARN_BLOCK_CAPTURE_AUTORELEASING = YES;
				CLANG_WARN_BOOL_CONVERSION = YES;
				CLANG_WARN_COMMA = YES;
				CLANG_WARN_CONSTANT_CONVERSION = YES;
				CLANG_WARN_DEPRECATED_OBJC_IMPLEMENTATIONS = YES;
				CLANG_WARN_DIRECT_OBJC_ISA_USAGE = YES_ERROR;
				CLANG_WARN_DOCUMENTATION_COMMENTS = YES;
				CLANG_WARN_EMPTY_BODY = YES;
				CLANG_WARN_ENUM_CONVERSION = YES;
				CLANG_WARN_INFINITE_RECURSION = YES;
				CLANG_WARN_INT_CONVERSION = YES;
				CLANG_WARN_NON_LITERAL_NULL_CONVERSION = YES;
				CLANG_WARN_OBJC_IMPLICIT_RETAIN_SELF = YES;
				CLANG_WARN_OBJC_LITERAL_CONVERSION = YES;
				CLANG_WARN_OBJC_ROOT_CLASS = YES_ERROR;
				CLANG_WARN_RANGE_LOOP_ANALYSIS = YES;
				CLANG_WARN_STRICT_PROTOTYPES = YES;
				CLANG_WARN_SUSPICIOUS_MOVE = YES;
				CLANG_WARN_UNGUARDED_AVAILABILITY = YES_AGGRESSIVE;
				CLANG_WARN_UNREACHABLE_CODE = YES;
				CLANG_WARN__DUPLICATE_METHOD_MATCH = YES;
				CODE_SIGN_IDENTITY = "iPhone Developer";
				COPY_PHASE_STRIP = NO;
				DEBUG_INFORMATION_FORMAT = "dwarf-with-dsym";
				ENABLE_NS_ASSERTIONS = NO;
				ENABLE_STRICT_OBJC_MSGSEND = YES;
				GCC_C_LANGUAGE_STANDARD = gnu11;
				GCC_NO_COMMON_BLOCKS = YES;
				GCC_WARN_64_TO_32_BIT_CONVERSION = YES;
				GCC_WARN_ABOUT_RETURN_TYPE = YES_ERROR;
				GCC_WARN_UNDECLARED_SELECTOR = YES;
				GCC_WARN_UNINITIALIZED_AUTOS = YES_AGGRESSIVE;
				GCC_WARN_UNUSED_FUNCTION = YES;
				GCC_WARN_UNUSED_VARIABLE = YES;
				IPHONEOS_DEPLOYMENT_TARGET = 12.1;
				MTL_ENABLE_DEBUG_INFO = NO;
				MTL_FAST_MATH = YES;
				SDKROOT = iphoneos;
				SWIFT_COMPILATION_MODE = wholemodule;
				SWIFT_OPTIMIZATION_LEVEL = "-O";
				VALIDATE_PRODUCT = YES;
			};
			name = Release;
		};
		A1F8FAA0222EF69300B9D1E8 /* Debug */ = {
			isa = XCBuildConfiguration;
			buildSettings = {
				ASSETCATALOG_COMPILER_APPICON_NAME = AppIcon;
				CODE_SIGN_ENTITLEMENTS = OktaSecureStorage/OktaSecureStorage.entitlements;
				CODE_SIGN_STYLE = Automatic;
				DEVELOPMENT_TEAM = HJPMDS86QA;
				INFOPLIST_FILE = OktaSecureStorage/Info.plist;
				IPHONEOS_DEPLOYMENT_TARGET = 10.0;
				LD_RUNPATH_SEARCH_PATHS = (
					"$(inherited)",
					"@executable_path/Frameworks",
				);
				PRODUCT_BUNDLE_IDENTIFIER = com.okta.OktaSecureStorage;
				PRODUCT_NAME = "$(TARGET_NAME)";
				SWIFT_VERSION = 4.2;
				TARGETED_DEVICE_FAMILY = "1,2";
			};
			name = Debug;
		};
		A1F8FAA1222EF69300B9D1E8 /* Release */ = {
			isa = XCBuildConfiguration;
			buildSettings = {
				ASSETCATALOG_COMPILER_APPICON_NAME = AppIcon;
				CODE_SIGN_ENTITLEMENTS = OktaSecureStorage/OktaSecureStorage.entitlements;
				CODE_SIGN_STYLE = Automatic;
				DEVELOPMENT_TEAM = HJPMDS86QA;
				INFOPLIST_FILE = OktaSecureStorage/Info.plist;
				IPHONEOS_DEPLOYMENT_TARGET = 10.0;
				LD_RUNPATH_SEARCH_PATHS = (
					"$(inherited)",
					"@executable_path/Frameworks",
				);
				PRODUCT_BUNDLE_IDENTIFIER = com.okta.OktaSecureStorage;
				PRODUCT_NAME = "$(TARGET_NAME)";
				SWIFT_VERSION = 4.2;
				TARGETED_DEVICE_FAMILY = "1,2";
			};
			name = Release;
		};
		A1F8FAA3222EF69300B9D1E8 /* Debug */ = {
			isa = XCBuildConfiguration;
			buildSettings = {
				ALWAYS_EMBED_SWIFT_STANDARD_LIBRARIES = YES;
				BUNDLE_LOADER = "$(TEST_HOST)";
				CODE_SIGN_STYLE = Automatic;
				DEVELOPMENT_TEAM = HJPMDS86QA;
				INFOPLIST_FILE = OktaSecureStorageTests/Info.plist;
				LD_RUNPATH_SEARCH_PATHS = (
					"$(inherited)",
					"@executable_path/Frameworks",
					"@loader_path/Frameworks",
				);
				PRODUCT_BUNDLE_IDENTIFIER = com.okta.OktaSecureStorageTests;
				PRODUCT_NAME = "$(TARGET_NAME)";
				SWIFT_VERSION = 4.2;
				TARGETED_DEVICE_FAMILY = "1,2";
				TEST_HOST = "$(BUILT_PRODUCTS_DIR)/OktaSecureStorage.app/OktaSecureStorage";
			};
			name = Debug;
		};
		A1F8FAA4222EF69300B9D1E8 /* Release */ = {
			isa = XCBuildConfiguration;
			buildSettings = {
				ALWAYS_EMBED_SWIFT_STANDARD_LIBRARIES = YES;
				BUNDLE_LOADER = "$(TEST_HOST)";
				CODE_SIGN_STYLE = Automatic;
				DEVELOPMENT_TEAM = HJPMDS86QA;
				INFOPLIST_FILE = OktaSecureStorageTests/Info.plist;
				LD_RUNPATH_SEARCH_PATHS = (
					"$(inherited)",
					"@executable_path/Frameworks",
					"@loader_path/Frameworks",
				);
				PRODUCT_BUNDLE_IDENTIFIER = com.okta.OktaSecureStorageTests;
				PRODUCT_NAME = "$(TARGET_NAME)";
				SWIFT_VERSION = 4.2;
				TARGETED_DEVICE_FAMILY = "1,2";
				TEST_HOST = "$(BUILT_PRODUCTS_DIR)/OktaSecureStorage.app/OktaSecureStorage";
			};
			name = Release;
		};
/* End XCBuildConfiguration section */

/* Begin XCConfigurationList section */
		A1F8FA7D222EF68D00B9D1E8 /* Build configuration list for PBXProject "OktaSecureStorage" */ = {
			isa = XCConfigurationList;
			buildConfigurations = (
				A1F8FA9D222EF69300B9D1E8 /* Debug */,
				A1F8FA9E222EF69300B9D1E8 /* Release */,
			);
			defaultConfigurationIsVisible = 0;
			defaultConfigurationName = Release;
		};
		A1F8FA9F222EF69300B9D1E8 /* Build configuration list for PBXNativeTarget "OktaSecureStorage" */ = {
			isa = XCConfigurationList;
			buildConfigurations = (
				A1F8FAA0222EF69300B9D1E8 /* Debug */,
				A1F8FAA1222EF69300B9D1E8 /* Release */,
			);
			defaultConfigurationIsVisible = 0;
			defaultConfigurationName = Release;
		};
		A1F8FAA2222EF69300B9D1E8 /* Build configuration list for PBXNativeTarget "OktaSecureStorageTests" */ = {
			isa = XCConfigurationList;
			buildConfigurations = (
				A1F8FAA3222EF69300B9D1E8 /* Debug */,
				A1F8FAA4222EF69300B9D1E8 /* Release */,
			);
			defaultConfigurationIsVisible = 0;
			defaultConfigurationName = Release;
		};
/* End XCConfigurationList section */
	};
	rootObject = A1F8FA7A222EF68D00B9D1E8 /* Project object */;
}
